{
  "object": {
    "pins": [
      {
        "package": "FolksamCommon",
        "repositoryURL": "https://github.com/rashdan/FolksamCommon.git",
        "state": {
          "branch": null,
          "revision": "3d2ea5908f31b1103abeccd5661da45f979a16f2",
          "version": "0.1.1"
        }
      }
    ]
  },
  "version": 1
}
